// !$*UTF8*$!
{
	archiveVersion = 1;
	classes = {
	};
	objectVersion = 50;
	objects = {

/* Begin PBXBuildFile section */
		02D37129210B8F68002D9D31 /* DataOfPlanetsViewController.m in Sources */ = {isa = PBXBuildFile; fileRef = 02D37128210B8F68002D9D31 /* DataOfPlanetsViewController.m */; };
		02D3DC8221099003007FBAE6 /* DetailViewController.m in Sources */ = {isa = PBXBuildFile; fileRef = 02D3DC8121099003007FBAE6 /* DetailViewController.m */; };
		02E3B47E212BE0E300B58987 /* addSpaceObejectViewController.m in Sources */ = {isa = PBXBuildFile; fileRef = 02E3B47D212BE0E300B58987 /* addSpaceObejectViewController.m */; };
		8498993820F0D7A300910595 /* AppDelegate.m in Sources */ = {isa = PBXBuildFile; fileRef = 8498993720F0D7A300910595 /* AppDelegate.m */; };
		8498993E20F0D7A300910595 /* Main.storyboard in Resources */ = {isa = PBXBuildFile; fileRef = 8498993C20F0D7A300910595 /* Main.storyboard */; };
		8498994020F0D7A800910595 /* Assets.xcassets in Resources */ = {isa = PBXBuildFile; fileRef = 8498993F20F0D7A800910595 /* Assets.xcassets */; };
		8498994320F0D7A800910595 /* LaunchScreen.storyboard in Resources */ = {isa = PBXBuildFile; fileRef = 8498994120F0D7A800910595 /* LaunchScreen.storyboard */; };
		8498994620F0D7A800910595 /* main.m in Sources */ = {isa = PBXBuildFile; fileRef = 8498994520F0D7A800910595 /* main.m */; };
		8498995520F0FD2800910595 /* TableViewController.m in Sources */ = {isa = PBXBuildFile; fileRef = 8498995420F0FD2800910595 /* TableViewController.m */; };
		84B2E41820F1F33E009191BC /* AstronomicalData.m in Sources */ = {isa = PBXBuildFile; fileRef = 84B2E41620F1F33E009191BC /* AstronomicalData.m */; };
		84B2E41A20F1FF57009191BC /* Images in Resources */ = {isa = PBXBuildFile; fileRef = 84B2E41920F1FF57009191BC /* Images */; };
		84B2E41D20F20892009191BC /* OWSpaceObjects.m in Sources */ = {isa = PBXBuildFile; fileRef = 84B2E41C20F20892009191BC /* OWSpaceObjects.m */; };
/* End PBXBuildFile section */

/* Begin PBXFileReference section */
		02D37127210B8F68002D9D31 /* DataOfPlanetsViewController.h */ = {isa = PBXFileReference; lastKnownFileType = sourcecode.c.h; path = DataOfPlanetsViewController.h; sourceTree = "<group>"; };
		02D37128210B8F68002D9D31 /* DataOfPlanetsViewController.m */ = {isa = PBXFileReference; lastKnownFileType = sourcecode.c.objc; path = DataOfPlanetsViewController.m; sourceTree = "<group>"; };
		02D3DC8021099003007FBAE6 /* DetailViewController.h */ = {isa = PBXFileReference; lastKnownFileType = sourcecode.c.h; path = DetailViewController.h; sourceTree = "<group>"; };
		02D3DC8121099003007FBAE6 /* DetailViewController.m */ = {isa = PBXFileReference; lastKnownFileType = sourcecode.c.objc; path = DetailViewController.m; sourceTree = "<group>"; };
		02E3B47C212BE0E300B58987 /* addSpaceObejectViewController.h */ = {isa = PBXFileReference; lastKnownFileType = sourcecode.c.h; path = addSpaceObejectViewController.h; sourceTree = "<group>"; };
		02E3B47D212BE0E300B58987 /* addSpaceObejectViewController.m */ = {isa = PBXFileReference; lastKnownFileType = sourcecode.c.objc; path = addSpaceObejectViewController.m; sourceTree = "<group>"; };
		8498993320F0D7A300910595 /* Out of the World.app */ = {isa = PBXFileReference; explicitFileType = wrapper.application; includeInIndex = 0; path = "Out of the World.app"; sourceTree = BUILT_PRODUCTS_DIR; };
		8498993620F0D7A300910595 /* AppDelegate.h */ = {isa = PBXFileReference; lastKnownFileType = sourcecode.c.h; path = AppDelegate.h; sourceTree = "<group>"; };
		8498993720F0D7A300910595 /* AppDelegate.m */ = {isa = PBXFileReference; lastKnownFileType = sourcecode.c.objc; path = AppDelegate.m; sourceTree = "<group>"; };
		8498993D20F0D7A300910595 /* Base */ = {isa = PBXFileReference; lastKnownFileType = file.storyboard; name = Base; path = Base.lproj/Main.storyboard; sourceTree = "<group>"; };
		8498993F20F0D7A800910595 /* Assets.xcassets */ = {isa = PBXFileReference; lastKnownFileType = folder.assetcatalog; path = Assets.xcassets; sourceTree = "<group>"; };
		8498994220F0D7A800910595 /* Base */ = {isa = PBXFileReference; lastKnownFileType = file.storyboard; name = Base; path = Base.lproj/LaunchScreen.storyboard; sourceTree = "<group>"; };
		8498994420F0D7A800910595 /* Info.plist */ = {isa = PBXFileReference; lastKnownFileType = text.plist.xml; path = Info.plist; sourceTree = "<group>"; };
		8498994520F0D7A800910595 /* main.m */ = {isa = PBXFileReference; lastKnownFileType = sourcecode.c.objc; path = main.m; sourceTree = "<group>"; };
		8498995320F0FD2800910595 /* TableViewController.h */ = {isa = PBXFileReference; lastKnownFileType = sourcecode.c.h; path = TableViewController.h; sourceTree = "<group>"; };
		8498995420F0FD2800910595 /* TableViewController.m */ = {isa = PBXFileReference; lastKnownFileType = sourcecode.c.objc; path = TableViewController.m; sourceTree = "<group>"; };
		84B2E41620F1F33E009191BC /* AstronomicalData.m */ = {isa = PBXFileReference; fileEncoding = 4; lastKnownFileType = sourcecode.c.objc; path = AstronomicalData.m; sourceTree = "<group>"; };
		84B2E41720F1F33E009191BC /* AstronomicalData.h */ = {isa = PBXFileReference; fileEncoding = 4; lastKnownFileType = sourcecode.c.h; path = AstronomicalData.h; sourceTree = "<group>"; };
		84B2E41920F1FF57009191BC /* Images */ = {isa = PBXFileReference; lastKnownFileType = folder; path = Images; sourceTree = "<group>"; };
		84B2E41B20F20892009191BC /* OWSpaceObjects.h */ = {isa = PBXFileReference; lastKnownFileType = sourcecode.c.h; path = OWSpaceObjects.h; sourceTree = "<group>"; };
		84B2E41C20F20892009191BC /* OWSpaceObjects.m */ = {isa = PBXFileReference; lastKnownFileType = sourcecode.c.objc; path = OWSpaceObjects.m; sourceTree = "<group>"; };
/* End PBXFileReference section */

/* Begin PBXFrameworksBuildPhase section */
		8498993020F0D7A300910595 /* Frameworks */ = {
			isa = PBXFrameworksBuildPhase;
			buildActionMask = 2147483647;
			files = (
			);
			runOnlyForDeploymentPostprocessing = 0;
		};
/* End PBXFrameworksBuildPhase section */

/* Begin PBXGroup section */
		8498992A20F0D7A300910595 = {
			isa = PBXGroup;
			children = (
				8498993520F0D7A300910595 /* Out of the World */,
				8498993420F0D7A300910595 /* Products */,
			);
			sourceTree = "<group>";
		};
		8498993420F0D7A300910595 /* Products */ = {
			isa = PBXGroup;
			children = (
				8498993320F0D7A300910595 /* Out of the World.app */,
			);
			name = Products;
			sourceTree = "<group>";
		};
		8498993520F0D7A300910595 /* Out of the World */ = {
			isa = PBXGroup;
			children = (
				8498993620F0D7A300910595 /* AppDelegate.h */,
				8498993720F0D7A300910595 /* AppDelegate.m */,
				8498993C20F0D7A300910595 /* Main.storyboard */,
				02E3B47C212BE0E300B58987 /* addSpaceObejectViewController.h */,
				02E3B47D212BE0E300B58987 /* addSpaceObejectViewController.m */,
				02D37127210B8F68002D9D31 /* DataOfPlanetsViewController.h */,
				02D37128210B8F68002D9D31 /* DataOfPlanetsViewController.m */,
				02D3DC8021099003007FBAE6 /* DetailViewController.h */,
				02D3DC8121099003007FBAE6 /* DetailViewController.m */,
				8498995320F0FD2800910595 /* TableViewController.h */,
				8498995420F0FD2800910595 /* TableViewController.m */,
				84B2E41920F1FF57009191BC /* Images */,
				8498995620F1044600910595 /* Data */,
				8498993F20F0D7A800910595 /* Assets.xcassets */,
				8498994120F0D7A800910595 /* LaunchScreen.storyboard */,
				8498994420F0D7A800910595 /* Info.plist */,
				8498994520F0D7A800910595 /* main.m */,
			);
			path = "Out of the World";
			sourceTree = "<group>";
		};
		8498995620F1044600910595 /* Data */ = {
			isa = PBXGroup;
			children = (
				84B2E41720F1F33E009191BC /* AstronomicalData.h */,
				84B2E41620F1F33E009191BC /* AstronomicalData.m */,
				84B2E41B20F20892009191BC /* OWSpaceObjects.h */,
				84B2E41C20F20892009191BC /* OWSpaceObjects.m */,
			);
			path = Data;
			sourceTree = "<group>";
		};
/* End PBXGroup section */

/* Begin PBXNativeTarget section */
		8498993220F0D7A300910595 /* Out of the World */ = {
			isa = PBXNativeTarget;
			buildConfigurationList = 8498994920F0D7A800910595 /* Build configuration list for PBXNativeTarget "Out of the World" */;
			buildPhases = (
				8498992F20F0D7A300910595 /* Sources */,
				8498993020F0D7A300910595 /* Frameworks */,
				8498993120F0D7A300910595 /* Resources */,
			);
			buildRules = (
			);
			dependencies = (
			);
			name = "Out of the World";
			productName = "Out of the World";
			productReference = 8498993320F0D7A300910595 /* Out of the World.app */;
			productType = "com.apple.product-type.application";
		};
/* End PBXNativeTarget section */

/* Begin PBXProject section */
		8498992B20F0D7A300910595 /* Project object */ = {
			isa = PBXProject;
			attributes = {
				LastUpgradeCheck = 0940;
				ORGANIZATIONNAME = Admin;
				TargetAttributes = {
					8498993220F0D7A300910595 = {
						CreatedOnToolsVersion = 9.4.1;
					};
				};
			};
			buildConfigurationList = 8498992E20F0D7A300910595 /* Build configuration list for PBXProject "Out of the World" */;
			compatibilityVersion = "Xcode 9.3";
			developmentRegion = en;
			hasScannedForEncodings = 0;
			knownRegions = (
				en,
				Base,
			);
			mainGroup = 8498992A20F0D7A300910595;
			productRefGroup = 8498993420F0D7A300910595 /* Products */;
			projectDirPath = "";
			projectRoot = "";
			targets = (
				8498993220F0D7A300910595 /* Out of the World */,
			);
		};
/* End PBXProject section */

/* Begin PBXResourcesBuildPhase section */
		8498993120F0D7A300910595 /* Resources */ = {
			isa = PBXResourcesBuildPhase;
			buildActionMask = 2147483647;
			files = (
				8498994320F0D7A800910595 /* LaunchScreen.storyboard in Resources */,
				8498994020F0D7A800910595 /* Assets.xcassets in Resources */,
				8498993E20F0D7A300910595 /* Main.storyboard in Resources */,
				84B2E41A20F1FF57009191BC /* Images in Resources */,
			);
			runOnlyForDeploymentPostprocessing = 0;
		};
/* End PBXResourcesBuildPhase section */

/* Begin PBXSourcesBuildPhase section */
		8498992F20F0D7A300910595 /* Sources */ = {
			isa = PBXSourcesBuildPhase;
			buildActionMask = 2147483647;
			files = (
				02D37129210B8F68002D9D31 /* DataOfPlanetsViewController.m in Sources */,
				84B2E41D20F20892009191BC /* OWSpaceObjects.m in Sources */,
				02E3B47E212BE0E300B58987 /* addSpaceObejectViewController.m in Sources */,
				8498994620F0D7A800910595 /* main.m in Sources */,
				8498995520F0FD2800910595 /* TableViewController.m in Sources */,
				8498993820F0D7A300910595 /* AppDelegate.m in Sources */,
				84B2E41820F1F33E009191BC /* AstronomicalData.m in Sources */,
				02D3DC8221099003007FBAE6 /* DetailViewController.m in Sources */,
			);
			runOnlyForDeploymentPostprocessing = 0;
		};
/* End PBXSourcesBuildPhase section */

/* Begin PBXVariantGroup section */
		8498993C20F0D7A300910595 /* Main.storyboard */ = {
			isa = PBXVariantGroup;
			children = (
				8498993D20F0D7A300910595 /* Base */,
			);
			name = Main.storyboard;
			sourceTree = "<group>";
		};
		8498994120F0D7A800910595 /* LaunchScreen.storyboard */ = {
			isa = PBXVariantGroup;
			children = (
				8498994220F0D7A800910595 /* Base */,
			);
			name = LaunchScreen.storyboard;
			sourceTree = "<group>";
		};
/* End PBXVariantGroup section */

/* Begin XCBuildConfiguration section */
		8498994720F0D7A800910595 /* Debug */ = {
			isa = XCBuildConfiguration;
			buildSettings = {
				ALWAYS_SEARCH_USER_PATHS = NO;
				CLANG_ANALYZER_NONNULL = YES;
				CLANG_ANALYZER_NUMBER_OBJECT_CONVERSION = YES_AGGRESSIVE;
				CLANG_CXX_LANGUAGE_STANDARD = "gnu++14";
				CLANG_CXX_LIBRARY = "libc++";
				CLANG_ENABLE_MODULES = YES;
				CLANG_ENABLE_OBJC_ARC = YES;
				CLANG_ENABLE_OBJC_WEAK = YES;
				CLANG_WARN_BLOCK_CAPTURE_AUTORELEASING = YES;
				CLANG_WARN_BOOL_CONVERSION = YES;
				CLANG_WARN_COMMA = YES;
				CLANG_WARN_CONSTANT_CONVERSION = YES;
				CLANG_WARN_DEPRECATED_OBJC_IMPLEMENTATIONS = YES;
				CLANG_WARN_DIRECT_OBJC_ISA_USAGE = YES_ERROR;
				CLANG_WARN_DOCUMENTATION_COMMENTS = YES;
				CLANG_WARN_EMPTY_BODY = YES;
				CLANG_WARN_ENUM_CONVERSION = YES;
				CLANG_WARN_INFINITE_RECURSION = YES;
				CLANG_WARN_INT_CONVERSION = YES;
				CLANG_WARN_NON_LITERAL_NULL_CONVERSION = YES;
				CLANG_WARN_OBJC_IMPLICIT_RETAIN_SELF = YES;
				CLANG_WARN_OBJC_LITERAL_CONVERSION = YES;
				CLANG_WARN_OBJC_ROOT_CLASS = YES_ERROR;
				CLANG_WARN_RANGE_LOOP_ANALYSIS = YES;
				CLANG_WARN_STRICT_PROTOTYPES = YES;
				CLANG_WARN_SUSPICIOUS_MOVE = YES;
				CLANG_WARN_UNGUARDED_AVAILABILITY = YES_AGGRESSIVE;
				CLANG_WARN_UNREACHABLE_CODE = YES;
				CLANG_WARN__DUPLICATE_METHOD_MATCH = YES;
				CODE_SIGN_IDENTITY = "iPhone Developer";
				COPY_PHASE_STRIP = NO;
				DEBUG_INFORMATION_FORMAT = dwarf;
				ENABLE_STRICT_OBJC_MSGSEND = YES;
				ENABLE_TESTABILITY = YES;
				GCC_C_LANGUAGE_STANDARD = gnu11;
				GCC_DYNAMIC_NO_PIC = NO;
				GCC_NO_COMMON_BLOCKS = YES;
				GCC_OPTIMIZATION_LEVEL = 0;
				GCC_PREPROCESSOR_DEFINITIONS = (
					"DEBUG=1",
					"$(inherited)",
				);
				GCC_WARN_64_TO_32_BIT_CONVERSION = YES;
				GCC_WARN_ABOUT_RETURN_TYPE = YES_ERROR;
				GCC_WARN_UNDECLARED_SELECTOR = YES;
				GCC_WARN_UNINITIALIZED_AUTOS = YES_AGGRESSIVE;
				GCC_WARN_UNUSED_FUNCTION = YES;
				GCC_WARN_UNUSED_VARIABLE = YES;
				IPHONEOS_DEPLOYMENT_TARGET = 11.4;
				MTL_ENABLE_DEBUG_INFO = YES;
				ONLY_ACTIVE_ARCH = YES;
				SDKROOT = iphoneos;
			};
			name = Debug;
		};
		8498994820F0D7A800910595 /* Release */ = {
			isa = XCBuildConfiguration;
			buildSettings = {
				ALWAYS_SEARCH_USER_PATHS = NO;
				CLANG_ANALYZER_NONNULL = YES;
				CLANG_ANALYZER_NUMBER_OBJECT_CONVERSION = YES_AGGRESSIVE;
				CLANG_CXX_LANGUAGE_STANDARD = "gnu++14";
				CLANG_CXX_LIBRARY = "libc++";
				CLANG_ENABLE_MODULES = YES;
				CLANG_ENABLE_OBJC_ARC = YES;
				CLANG_ENABLE_OBJC_WEAK = YES;
				CLANG_WARN_BLOCK_CAPTURE_AUTORELEASING = YES;
				CLANG_WARN_BOOL_CONVERSION = YES;
				CLANG_WARN_COMMA = YES;
				CLANG_WARN_CONSTANT_CONVERSION = YES;
				CLANG_WARN_DEPRECATED_OBJC_IMPLEMENTATIONS = YES;
				CLANG_WARN_DIRECT_OBJC_ISA_USAGE = YES_ERROR;
				CLANG_WARN_DOCUMENTATION_COMMENTS = YES;
				CLANG_WARN_EMPTY_BODY = YES;
				CLANG_WARN_ENUM_CONVERSION = YES;
				CLANG_WARN_INFINITE_RECURSION = YES;
				CLANG_WARN_INT_CONVERSION = YES;
				CLANG_WARN_NON_LITERAL_NULL_CONVERSION = YES;
				CLANG_WARN_OBJC_IMPLICIT_RETAIN_SELF = YES;
				CLANG_WARN_OBJC_LITERAL_CONVERSION = YES;
				CLANG_WARN_OBJC_ROOT_CLASS = YES_ERROR;
				CLANG_WARN_RANGE_LOOP_ANALYSIS = YES;
				CLANG_WARN_STRICT_PROTOTYPES = YES;
				CLANG_WARN_SUSPICIOUS_MOVE = YES;
				CLANG_WARN_UNGUARDED_AVAILABILITY = YES_AGGRESSIVE;
				CLANG_WARN_UNREACHABLE_CODE = YES;
				CLANG_WARN__DUPLICATE_METHOD_MATCH = YES;
				CODE_SIGN_IDENTITY = "iPhone Developer";
				COPY_PHASE_STRIP = NO;
				DEBUG_INFORMATION_FORMAT = "dwarf-with-dsym";
				ENABLE_NS_ASSERTIONS = NO;
				ENABLE_STRICT_OBJC_MSGSEND = YES;
				GCC_C_LANGUAGE_STANDARD = gnu11;
				GCC_NO_COMMON_BLOCKS = YES;
				GCC_WARN_64_TO_32_BIT_CONVERSION = YES;
				GCC_WARN_ABOUT_RETURN_TYPE = YES_ERROR;
				GCC_WARN_UNDECLARED_SELECTOR = YES;
				GCC_WARN_UNINITIALIZED_AUTOS = YES_AGGRESSIVE;
				GCC_WARN_UNUSED_FUNCTION = YES;
				GCC_WARN_UNUSED_VARIABLE = YES;
				IPHONEOS_DEPLOYMENT_TARGET = 11.4;
				MTL_ENABLE_DEBUG_INFO = NO;
				SDKROOT = iphoneos;
				VALIDATE_PRODUCT = YES;
			};
			name = Release;
		};
		8498994A20F0D7A800910595 /* Debug */ = {
			isa = XCBuildConfiguration;
			buildSettings = {
				ASSETCATALOG_COMPILER_APPICON_NAME = AppIcon;
				CODE_SIGN_STYLE = Automatic;
				INFOPLIST_FILE = "Out of the World/Info.plist";
				LD_RUNPATH_SEARCH_PATHS = (
					"$(inherited)",
					"@executable_path/Frameworks",
				);
				PRODUCT_BUNDLE_IDENTIFIER = "walidelzo.Out-of-the-World";
				PRODUCT_NAME = "$(TARGET_NAME)";
				TARGETED_DEVICE_FAMILY = "1,2";
			};
			name = Debug;
		};
		8498994B20F0D7A800910595 /* Release */ = {
			isa = XCBuildConfiguration;
			buildSettings = {
				ASSETCATALOG_COMPILER_APPICON_NAME = AppIcon;
				CODE_SIGN_STYLE = Automatic;
				INFOPLIST_FILE = "Out of the World/Info.plist";
				LD_RUNPATH_SEARCH_PATHS = (
					"$(inherited)",
					"@executable_path/Frameworks",
				);
				PRODUCT_BUNDLE_IDENTIFIER = "walidelzo.Out-of-the-World";
				PRODUCT_NAME = "$(TARGET_NAME)";
				TARGETED_DEVICE_FAMILY = "1,2";
			};
			name = Release;
		};
/* End XCBuildConfiguration section */

/* Begin XCConfigurationList section */
		8498992E20F0D7A300910595 /* Build configuration list for PBXProject "Out of the World" */ = {
			isa = XCConfigurationList;
			buildConfigurations = (
				8498994720F0D7A800910595 /* Debug */,
				8498994820F0D7A800910595 /* Release */,
			);
			defaultConfigurationIsVisible = 0;
			defaultConfigurationName = Release;
		};
		8498994920F0D7A800910595 /* Build configuration list for PBXNativeTarget "Out of the World" */ = {
			isa = XCConfigurationList;
			buildConfigurations = (
				8498994A20F0D7A800910595 /* Debug */,
				8498994B20F0D7A800910595 /* Release */,
			);
			defaultConfigurationIsVisible = 0;
			defaultConfigurationName = Release;
		};
/* End XCConfigurationList section */
	};
	rootObject = 8498992B20F0D7A300910595 /* Project object */;
}
